
Microsoft Visual Studio Solution File, Format Version 12.00
# Visual Studio Version 17
VisualStudioVersion = 17.5.33516.290
MinimumVisualStudioVersion = 10.0.40219.1
Project("{FAE04EC0-301F-11D3-BF4B-00C04F79EFBC}") = "MagicVilla_villaAPI", "MagicVilla_villaAPI\MagicVilla_villaAPI.csproj", "{00BF5316-B616-4134-9959-37D72AC1F6C3}"
EndProject
Global
	GlobalSection(SolutionConfigurationPlatforms) = preSolution
		Debug|Any CPU = Debug|Any CPU
		Release|Any CPU = Release|Any CPU
	EndGlobalSection
	GlobalSection(ProjectConfigurationPlatforms) = postSolution
		{00BF5316-B616-4134-9959-37D72AC1F6C3}.Debug|Any CPU.ActiveCfg = Debug|Any CPU
		{00BF5316-B616-4134-9959-37D72AC1F6C3}.Debug|Any CPU.Build.0 = Debug|Any CPU
		{00BF5316-B616-4134-9959-37D72AC1F6C3}.Release|Any CPU.ActiveCfg = Release|Any CPU
		{00BF5316-B616-4134-9959-37D72AC1F6C3}.Release|Any CPU.Build.0 = Release|Any CPU
	EndGlobalSection
	GlobalSection(SolutionProperties) = preSolution
		HideSolutionNode = FALSE
	EndGlobalSection
	GlobalSection(ExtensibilityGlobals) = postSolution
		SolutionGuid = {7C738D16-74BE-4192-B105-71FC90EAD713}
	EndGlobalSection
EndGlobal
